// !$*UTF8*$!
{
	archiveVersion = 1;
	classes = {
	};
	objectVersion = 50;
	objects = {

/* Begin PBXBuildFile section */
		1E0B97C125F997A6005E499F /* AppDelegate.swift in Sources */ = {isa = PBXBuildFile; fileRef = 1E0B97C025F997A6005E499F /* AppDelegate.swift */; };
		1E0B97C325F997A6005E499F /* SceneDelegate.swift in Sources */ = {isa = PBXBuildFile; fileRef = 1E0B97C225F997A6005E499F /* SceneDelegate.swift */; };
		1E0B97C525F997A6005E499F /* ViewController.swift in Sources */ = {isa = PBXBuildFile; fileRef = 1E0B97C425F997A6005E499F /* ViewController.swift */; };
		1E0B97C825F997A6005E499F /* Main.storyboard in Resources */ = {isa = PBXBuildFile; fileRef = 1E0B97C625F997A6005E499F /* Main.storyboard */; };
		1E0B97CA25F997A8005E499F /* Assets.xcassets in Resources */ = {isa = PBXBuildFile; fileRef = 1E0B97C925F997A8005E499F /* Assets.xcassets */; };
		1E0B97CD25F997A8005E499F /* LaunchScreen.storyboard in Resources */ = {isa = PBXBuildFile; fileRef = 1E0B97CB25F997A8005E499F /* LaunchScreen.storyboard */; };
		B8E4D38FAA9EC7DA22AFE6CC /* Pods_haptics_test.framework in Frameworks */ = {isa = PBXBuildFile; fileRef = F46CBA802DCCE89BDF14A879 /* Pods_haptics_test.framework */; };
/* End PBXBuildFile section */

/* Begin PBXFileReference section */
		1E0B97BD25F997A6005E499F /* haptics test.app */ = {isa = PBXFileReference; explicitFileType = wrapper.application; includeInIndex = 0; path = "haptics test.app"; sourceTree = BUILT_PRODUCTS_DIR; };
		1E0B97C025F997A6005E499F /* AppDelegate.swift */ = {isa = PBXFileReference; lastKnownFileType = sourcecode.swift; path = AppDelegate.swift; sourceTree = "<group>"; };
		1E0B97C225F997A6005E499F /* SceneDelegate.swift */ = {isa = PBXFileReference; lastKnownFileType = sourcecode.swift; path = SceneDelegate.swift; sourceTree = "<group>"; };
		1E0B97C425F997A6005E499F /* ViewController.swift */ = {isa = PBXFileReference; lastKnownFileType = sourcecode.swift; path = ViewController.swift; sourceTree = "<group>"; };
		1E0B97C725F997A6005E499F /* Base */ = {isa = PBXFileReference; lastKnownFileType = file.storyboard; name = Base; path = Base.lproj/Main.storyboard; sourceTree = "<group>"; };
		1E0B97C925F997A8005E499F /* Assets.xcassets */ = {isa = PBXFileReference; lastKnownFileType = folder.assetcatalog; path = Assets.xcassets; sourceTree = "<group>"; };
		1E0B97CC25F997A8005E499F /* Base */ = {isa = PBXFileReference; lastKnownFileType = file.storyboard; name = Base; path = Base.lproj/LaunchScreen.storyboard; sourceTree = "<group>"; };
		1E0B97CE25F997A8005E499F /* Info.plist */ = {isa = PBXFileReference; lastKnownFileType = text.plist.xml; path = Info.plist; sourceTree = "<group>"; };
		401A0C95E53B3516EBD83422 /* Pods-haptics test.debug.xcconfig */ = {isa = PBXFileReference; includeInIndex = 1; lastKnownFileType = text.xcconfig; name = "Pods-haptics test.debug.xcconfig"; path = "Target Support Files/Pods-haptics test/Pods-haptics test.debug.xcconfig"; sourceTree = "<group>"; };
		CAC2E1AD21C793E102981493 /* Pods-haptics test.release.xcconfig */ = {isa = PBXFileReference; includeInIndex = 1; lastKnownFileType = text.xcconfig; name = "Pods-haptics test.release.xcconfig"; path = "Target Support Files/Pods-haptics test/Pods-haptics test.release.xcconfig"; sourceTree = "<group>"; };
		F46CBA802DCCE89BDF14A879 /* Pods_haptics_test.framework */ = {isa = PBXFileReference; explicitFileType = wrapper.framework; includeInIndex = 0; path = Pods_haptics_test.framework; sourceTree = BUILT_PRODUCTS_DIR; };
/* End PBXFileReference section */

/* Begin PBXFrameworksBuildPhase section */
		1E0B97BA25F997A6005E499F /* Frameworks */ = {
			isa = PBXFrameworksBuildPhase;
			buildActionMask = 2147483647;
			files = (
				B8E4D38FAA9EC7DA22AFE6CC /* Pods_haptics_test.framework in Frameworks */,
			);
			runOnlyForDeploymentPostprocessing = 0;
		};
/* End PBXFrameworksBuildPhase section */

/* Begin PBXGroup section */
		1E0B97B425F997A6005E499F = {
			isa = PBXGroup;
			children = (
				1E0B97BF25F997A6005E499F /* haptics test */,
				1E0B97BE25F997A6005E499F /* Products */,
				65CAA54835BC3F04B0564FEA /* Pods */,
				4805DF5C26D8CA0088D29DE0 /* Frameworks */,
			);
			sourceTree = "<group>";
		};
		1E0B97BE25F997A6005E499F /* Products */ = {
			isa = PBXGroup;
			children = (
				1E0B97BD25F997A6005E499F /* haptics test.app */,
			);
			name = Products;
			sourceTree = "<group>";
		};
		1E0B97BF25F997A6005E499F /* haptics test */ = {
			isa = PBXGroup;
			children = (
				1E0B97C025F997A6005E499F /* AppDelegate.swift */,
				1E0B97C225F997A6005E499F /* SceneDelegate.swift */,
				1E0B97C425F997A6005E499F /* ViewController.swift */,
				1E0B97C625F997A6005E499F /* Main.storyboard */,
				1E0B97C925F997A8005E499F /* Assets.xcassets */,
				1E0B97CB25F997A8005E499F /* LaunchScreen.storyboard */,
				1E0B97CE25F997A8005E499F /* Info.plist */,
			);
			path = "haptics test";
			sourceTree = "<group>";
		};
		4805DF5C26D8CA0088D29DE0 /* Frameworks */ = {
			isa = PBXGroup;
			children = (
				F46CBA802DCCE89BDF14A879 /* Pods_haptics_test.framework */,
			);
			name = Frameworks;
			sourceTree = "<group>";
		};
		65CAA54835BC3F04B0564FEA /* Pods */ = {
			isa = PBXGroup;
			children = (
				401A0C95E53B3516EBD83422 /* Pods-haptics test.debug.xcconfig */,
				CAC2E1AD21C793E102981493 /* Pods-haptics test.release.xcconfig */,
			);
			name = Pods;
			path = Pods;
			sourceTree = "<group>";
		};
/* End PBXGroup section */

/* Begin PBXNativeTarget section */
		1E0B97BC25F997A6005E499F /* haptics test */ = {
			isa = PBXNativeTarget;
			buildConfigurationList = 1E0B97D125F997A8005E499F /* Build configuration list for PBXNativeTarget "haptics test" */;
			buildPhases = (
				2387C5BC65521A2C53BED14A /* [CP] Check Pods Manifest.lock */,
				1E0B97B925F997A6005E499F /* Sources */,
				1E0B97BA25F997A6005E499F /* Frameworks */,
				1E0B97BB25F997A6005E499F /* Resources */,
				7A79535169555F770BD39BD1 /* [CP] Embed Pods Frameworks */,
			);
			buildRules = (
			);
			dependencies = (
			);
			name = "haptics test";
			productName = "haptics test";
			productReference = 1E0B97BD25F997A6005E499F /* haptics test.app */;
			productType = "com.apple.product-type.application";
		};
/* End PBXNativeTarget section */

/* Begin PBXProject section */
		1E0B97B525F997A6005E499F /* Project object */ = {
			isa = PBXProject;
			attributes = {
				LastSwiftUpdateCheck = 1220;
				LastUpgradeCheck = 1220;
				TargetAttributes = {
					1E0B97BC25F997A6005E499F = {
						CreatedOnToolsVersion = 12.2;
					};
				};
			};
			buildConfigurationList = 1E0B97B825F997A6005E499F /* Build configuration list for PBXProject "haptics test" */;
			compatibilityVersion = "Xcode 9.3";
			developmentRegion = en;
			hasScannedForEncodings = 0;
			knownRegions = (
				en,
				Base,
			);
			mainGroup = 1E0B97B425F997A6005E499F;
			productRefGroup = 1E0B97BE25F997A6005E499F /* Products */;
			projectDirPath = "";
			projectRoot = "";
			targets = (
				1E0B97BC25F997A6005E499F /* haptics test */,
			);
		};
/* End PBXProject section */

/* Begin PBXResourcesBuildPhase section */
		1E0B97BB25F997A6005E499F /* Resources */ = {
			isa = PBXResourcesBuildPhase;
			buildActionMask = 2147483647;
			files = (
				1E0B97CD25F997A8005E499F /* LaunchScreen.storyboard in Resources */,
				1E0B97CA25F997A8005E499F /* Assets.xcassets in Resources */,
				1E0B97C825F997A6005E499F /* Main.storyboard in Resources */,
			);
			runOnlyForDeploymentPostprocessing = 0;
		};
/* End PBXResourcesBuildPhase section */

/* Begin PBXShellScriptBuildPhase section */
		2387C5BC65521A2C53BED14A /* [CP] Check Pods Manifest.lock */ = {
			isa = PBXShellScriptBuildPhase;
			buildActionMask = 2147483647;
			files = (
			);
			inputFileListPaths = (
			);
			inputPaths = (
				"${PODS_PODFILE_DIR_PATH}/Podfile.lock",
				"${PODS_ROOT}/Manifest.lock",
			);
			name = "[CP] Check Pods Manifest.lock";
			outputFileListPaths = (
			);
			outputPaths = (
				"$(DERIVED_FILE_DIR)/Pods-haptics test-checkManifestLockResult.txt",
			);
			runOnlyForDeploymentPostprocessing = 0;
			shellPath = /bin/sh;
			shellScript = "diff \"${PODS_PODFILE_DIR_PATH}/Podfile.lock\" \"${PODS_ROOT}/Manifest.lock\" > /dev/null\nif [ $? != 0 ] ; then\n    # print error to STDERR\n    echo \"error: The sandbox is not in sync with the Podfile.lock. Run 'pod install' or update your CocoaPods installation.\" >&2\n    exit 1\nfi\n# This output is used by Xcode 'outputs' to avoid re-running this script phase.\necho \"SUCCESS\" > \"${SCRIPT_OUTPUT_FILE_0}\"\n";
			showEnvVarsInLog = 0;
		};
		7A79535169555F770BD39BD1 /* [CP] Embed Pods Frameworks */ = {
			isa = PBXShellScriptBuildPhase;
			buildActionMask = 2147483647;
			files = (
			);
			inputFileListPaths = (
				"${PODS_ROOT}/Target Support Files/Pods-haptics test/Pods-haptics test-frameworks-${CONFIGURATION}-input-files.xcfilelist",
			);
			name = "[CP] Embed Pods Frameworks";
			outputFileListPaths = (
				"${PODS_ROOT}/Target Support Files/Pods-haptics test/Pods-haptics test-frameworks-${CONFIGURATION}-output-files.xcfilelist",
			);
			runOnlyForDeploymentPostprocessing = 0;
			shellPath = /bin/sh;
			shellScript = "\"${PODS_ROOT}/Target Support Files/Pods-haptics test/Pods-haptics test-frameworks.sh\"\n";
			showEnvVarsInLog = 0;
		};
/* End PBXShellScriptBuildPhase section */

/* Begin PBXSourcesBuildPhase section */
		1E0B97B925F997A6005E499F /* Sources */ = {
			isa = PBXSourcesBuildPhase;
			buildActionMask = 2147483647;
			files = (
				1E0B97C525F997A6005E499F /* ViewController.swift in Sources */,
				1E0B97C125F997A6005E499F /* AppDelegate.swift in Sources */,
				1E0B97C325F997A6005E499F /* SceneDelegate.swift in Sources */,
			);
			runOnlyForDeploymentPostprocessing = 0;
		};
/* End PBXSourcesBuildPhase section */

/* Begin PBXVariantGroup section */
		1E0B97C625F997A6005E499F /* Main.storyboard */ = {
			isa = PBXVariantGroup;
			children = (
				1E0B97C725F997A6005E499F /* Base */,
			);
			name = Main.storyboard;
			sourceTree = "<group>";
		};
		1E0B97CB25F997A8005E499F /* LaunchScreen.storyboard */ = {
			isa = PBXVariantGroup;
			children = (
				1E0B97CC25F997A8005E499F /* Base */,
			);
			name = LaunchScreen.storyboard;
			sourceTree = "<group>";
		};
/* End PBXVariantGroup section */

/* Begin XCBuildConfiguration section */
		1E0B97CF25F997A8005E499F /* Debug */ = {
			isa = XCBuildConfiguration;
			buildSettings = {
				ALWAYS_SEARCH_USER_PATHS = NO;
				CLANG_ANALYZER_NONNULL = YES;
				CLANG_ANALYZER_NUMBER_OBJECT_CONVERSION = YES_AGGRESSIVE;
				CLANG_CXX_LANGUAGE_STANDARD = "gnu++14";
				CLANG_CXX_LIBRARY = "libc++";
				CLANG_ENABLE_MODULES = YES;
				CLANG_ENABLE_OBJC_ARC = YES;
				CLANG_ENABLE_OBJC_WEAK = YES;
				CLANG_WARN_BLOCK_CAPTURE_AUTORELEASING = YES;
				CLANG_WARN_BOOL_CONVERSION = YES;
				CLANG_WARN_COMMA = YES;
				CLANG_WARN_CONSTANT_CONVERSION = YES;
				CLANG_WARN_DEPRECATED_OBJC_IMPLEMENTATIONS = YES;
				CLANG_WARN_DIRECT_OBJC_ISA_USAGE = YES_ERROR;
				CLANG_WARN_DOCUMENTATION_COMMENTS = YES;
				CLANG_WARN_EMPTY_BODY = YES;
				CLANG_WARN_ENUM_CONVERSION = YES;
				CLANG_WARN_INFINITE_RECURSION = YES;
				CLANG_WARN_INT_CONVERSION = YES;
				CLANG_WARN_NON_LITERAL_NULL_CONVERSION = YES;
				CLANG_WARN_OBJC_IMPLICIT_RETAIN_SELF = YES;
				CLANG_WARN_OBJC_LITERAL_CONVERSION = YES;
				CLANG_WARN_OBJC_ROOT_CLASS = YES_ERROR;
				CLANG_WARN_QUOTED_INCLUDE_IN_FRAMEWORK_HEADER = YES;
				CLANG_WARN_RANGE_LOOP_ANALYSIS = YES;
				CLANG_WARN_STRICT_PROTOTYPES = YES;
				CLANG_WARN_SUSPICIOUS_MOVE = YES;
				CLANG_WARN_UNGUARDED_AVAILABILITY = YES_AGGRESSIVE;
				CLANG_WARN_UNREACHABLE_CODE = YES;
				CLANG_WARN__DUPLICATE_METHOD_MATCH = YES;
				COPY_PHASE_STRIP = NO;
				DEBUG_INFORMATION_FORMAT = dwarf;
				ENABLE_STRICT_OBJC_MSGSEND = YES;
				ENABLE_TESTABILITY = YES;
				GCC_C_LANGUAGE_STANDARD = gnu11;
				GCC_DYNAMIC_NO_PIC = NO;
				GCC_NO_COMMON_BLOCKS = YES;
				GCC_OPTIMIZATION_LEVEL = 0;
				GCC_PREPROCESSOR_DEFINITIONS = (
					"DEBUG=1",
					"$(inherited)",
				);
				GCC_WARN_64_TO_32_BIT_CONVERSION = YES;
				GCC_WARN_ABOUT_RETURN_TYPE = YES_ERROR;
				GCC_WARN_UNDECLARED_SELECTOR = YES;
				GCC_WARN_UNINITIALIZED_AUTOS = YES_AGGRESSIVE;
				GCC_WARN_UNUSED_FUNCTION = YES;
				GCC_WARN_UNUSED_VARIABLE = YES;
				IPHONEOS_DEPLOYMENT_TARGET = 14.2;
				MTL_ENABLE_DEBUG_INFO = INCLUDE_SOURCE;
				MTL_FAST_MATH = YES;
				ONLY_ACTIVE_ARCH = YES;
				SDKROOT = iphoneos;
				SWIFT_ACTIVE_COMPILATION_CONDITIONS = DEBUG;
				SWIFT_OPTIMIZATION_LEVEL = "-Onone";
			};
			name = Debug;
		};
		1E0B97D025F997A8005E499F /* Release */ = {
			isa = XCBuildConfiguration;
			buildSettings = {
				ALWAYS_SEARCH_USER_PATHS = NO;
				CLANG_ANALYZER_NONNULL = YES;
				CLANG_ANALYZER_NUMBER_OBJECT_CONVERSION = YES_AGGRESSIVE;
				CLANG_CXX_LANGUAGE_STANDARD = "gnu++14";
				CLANG_CXX_LIBRARY = "libc++";
				CLANG_ENABLE_MODULES = YES;
				CLANG_ENABLE_OBJC_ARC = YES;
				CLANG_ENABLE_OBJC_WEAK = YES;
				CLANG_WARN_BLOCK_CAPTURE_AUTORELEASING = YES;
				CLANG_WARN_BOOL_CONVERSION = YES;
				CLANG_WARN_COMMA = YES;
				CLANG_WARN_CONSTANT_CONVERSION = YES;
				CLANG_WARN_DEPRECATED_OBJC_IMPLEMENTATIONS = YES;
				CLANG_WARN_DIRECT_OBJC_ISA_USAGE = YES_ERROR;
				CLANG_WARN_DOCUMENTATION_COMMENTS = YES;
				CLANG_WARN_EMPTY_BODY = YES;
				CLANG_WARN_ENUM_CONVERSION = YES;
				CLANG_WARN_INFINITE_RECURSION = YES;
				CLANG_WARN_INT_CONVERSION = YES;
				CLANG_WARN_NON_LITERAL_NULL_CONVERSION = YES;
				CLANG_WARN_OBJC_IMPLICIT_RETAIN_SELF = YES;
				CLANG_WARN_OBJC_LITERAL_CONVERSION = YES;
				CLANG_WARN_OBJC_ROOT_CLASS = YES_ERROR;
				CLANG_WARN_QUOTED_INCLUDE_IN_FRAMEWORK_HEADER = YES;
				CLANG_WARN_RANGE_LOOP_ANALYSIS = YES;
				CLANG_WARN_STRICT_PROTOTYPES = YES;
				CLANG_WARN_SUSPICIOUS_MOVE = YES;
				CLANG_WARN_UNGUARDED_AVAILABILITY = YES_AGGRESSIVE;
				CLANG_WARN_UNREACHABLE_CODE = YES;
				CLANG_WARN__DUPLICATE_METHOD_MATCH = YES;
				COPY_PHASE_STRIP = NO;
				DEBUG_INFORMATION_FORMAT = "dwarf-with-dsym";
				ENABLE_NS_ASSERTIONS = NO;
				ENABLE_STRICT_OBJC_MSGSEND = YES;
				GCC_C_LANGUAGE_STANDARD = gnu11;
				GCC_NO_COMMON_BLOCKS = YES;
				GCC_WARN_64_TO_32_BIT_CONVERSION = YES;
				GCC_WARN_ABOUT_RETURN_TYPE = YES_ERROR;
				GCC_WARN_UNDECLARED_SELECTOR = YES;
				GCC_WARN_UNINITIALIZED_AUTOS = YES_AGGRESSIVE;
				GCC_WARN_UNUSED_FUNCTION = YES;
				GCC_WARN_UNUSED_VARIABLE = YES;
				IPHONEOS_DEPLOYMENT_TARGET = 14.2;
				MTL_ENABLE_DEBUG_INFO = NO;
				MTL_FAST_MATH = YES;
				SDKROOT = iphoneos;
				SWIFT_COMPILATION_MODE = wholemodule;
				SWIFT_OPTIMIZATION_LEVEL = "-O";
				VALIDATE_PRODUCT = YES;
			};
			name = Release;
		};
		1E0B97D225F997A8005E499F /* Debug */ = {
			isa = XCBuildConfiguration;
			baseConfigurationReference = 401A0C95E53B3516EBD83422 /* Pods-haptics test.debug.xcconfig */;
			buildSettings = {
				ASSETCATALOG_COMPILER_APPICON_NAME = AppIcon;
				ASSETCATALOG_COMPILER_GLOBAL_ACCENT_COLOR_NAME = AccentColor;
				CODE_SIGN_IDENTITY = "Apple Development";
				CODE_SIGN_STYLE = Automatic;
				DEVELOPMENT_TEAM = UBM394AZN6;
				INFOPLIST_FILE = "haptics test/Info.plist";
				LD_RUNPATH_SEARCH_PATHS = (
					"$(inherited)",
					"@executable_path/Frameworks",
				);
				PRODUCT_BUNDLE_IDENTIFIER = "com.jordanpresnick.haptics-testz";
				PRODUCT_NAME = "$(TARGET_NAME)";
				PROVISIONING_PROFILE_SPECIFIER = "";
				SWIFT_VERSION = 5.0;
				TARGETED_DEVICE_FAMILY = "1,2";
			};
			name = Debug;
		};
		1E0B97D325F997A8005E499F /* Release */ = {
			isa = XCBuildConfiguration;
			baseConfigurationReference = CAC2E1AD21C793E102981493 /* Pods-haptics test.release.xcconfig */;
			buildSettings = {
				ASSETCATALOG_COMPILER_APPICON_NAME = AppIcon;
				ASSETCATALOG_COMPILER_GLOBAL_ACCENT_COLOR_NAME = AccentColor;
				CODE_SIGN_IDENTITY = "Apple Development";
				CODE_SIGN_STYLE = Automatic;
				DEVELOPMENT_TEAM = UBM394AZN6;
				INFOPLIST_FILE = "haptics test/Info.plist";
				LD_RUNPATH_SEARCH_PATHS = (
					"$(inherited)",
					"@executable_path/Frameworks",
				);
				PRODUCT_BUNDLE_IDENTIFIER = "com.jordanpresnick.haptics-testz";
				PRODUCT_NAME = "$(TARGET_NAME)";
				PROVISIONING_PROFILE_SPECIFIER = "";
				SWIFT_VERSION = 5.0;
				TARGETED_DEVICE_FAMILY = "1,2";
			};
			name = Release;
		};
/* End XCBuildConfiguration section */

/* Begin XCConfigurationList section */
		1E0B97B825F997A6005E499F /* Build configuration list for PBXProject "haptics test" */ = {
			isa = XCConfigurationList;
			buildConfigurations = (
				1E0B97CF25F997A8005E499F /* Debug */,
				1E0B97D025F997A8005E499F /* Release */,
			);
			defaultConfigurationIsVisible = 0;
			defaultConfigurationName = Release;
		};
		1E0B97D125F997A8005E499F /* Build configuration list for PBXNativeTarget "haptics test" */ = {
			isa = XCConfigurationList;
			buildConfigurations = (
				1E0B97D225F997A8005E499F /* Debug */,
				1E0B97D325F997A8005E499F /* Release */,
			);
			defaultConfigurationIsVisible = 0;
			defaultConfigurationName = Release;
		};
/* End XCConfigurationList section */
	};
	rootObject = 1E0B97B525F997A6005E499F /* Project object */;
}
